// !$*UTF8*$!
{
	archiveVersion = 1;
	classes = {
	};
	objectVersion = 56;
	objects = {

/* Begin PBXBuildFile section */
		5D20D8BF2ACA3C5300A5420A /* GameCell.swift in Sources */ = {isa = PBXBuildFile; fileRef = 5D20D8BE2ACA3C5300A5420A /* GameCell.swift */; };
		5D20D8C62ACA4E1D00A5420A /* GameResponse.swift in Sources */ = {isa = PBXBuildFile; fileRef = 5D20D8C52ACA4E1D00A5420A /* GameResponse.swift */; };
		5D20D8C82ACA4F6300A5420A /* GameDataSource.swift in Sources */ = {isa = PBXBuildFile; fileRef = 5D20D8C72ACA4F6300A5420A /* GameDataSource.swift */; };
		5D20D8CA2ACA614600A5420A /* APICall.swift in Sources */ = {isa = PBXBuildFile; fileRef = 5D20D8C92ACA614600A5420A /* APICall.swift */; };
		5D20D8CC2ACA676500A5420A /* GameRepository.swift in Sources */ = {isa = PBXBuildFile; fileRef = 5D20D8CB2ACA676500A5420A /* GameRepository.swift */; };
		5D20D8CF2ACA6A6300A5420A /* GameInteractor.swift in Sources */ = {isa = PBXBuildFile; fileRef = 5D20D8CE2ACA6A6300A5420A /* GameInteractor.swift */; };
		5D20D8D22ACA752700A5420A /* GameInjection.swift in Sources */ = {isa = PBXBuildFile; fileRef = 5D20D8D12ACA752700A5420A /* GameInjection.swift */; };
		5D20D8D42ACA757800A5420A /* GamePresenter.swift in Sources */ = {isa = PBXBuildFile; fileRef = 5D20D8D32ACA757800A5420A /* GamePresenter.swift */; };
		5D20D8D62ACA788900A5420A /* GameRouter.swift in Sources */ = {isa = PBXBuildFile; fileRef = 5D20D8D52ACA788900A5420A /* GameRouter.swift */; };
		5D5237462AC81C2000E22B63 /* AppDelegate.swift in Sources */ = {isa = PBXBuildFile; fileRef = 5D5237452AC81C2000E22B63 /* AppDelegate.swift */; };
		5D5237482AC81C2000E22B63 /* SceneDelegate.swift in Sources */ = {isa = PBXBuildFile; fileRef = 5D5237472AC81C2000E22B63 /* SceneDelegate.swift */; };
		5D52374F2AC81C2200E22B63 /* Assets.xcassets in Resources */ = {isa = PBXBuildFile; fileRef = 5D52374E2AC81C2200E22B63 /* Assets.xcassets */; };
		5D5237522AC81C2200E22B63 /* LaunchScreen.storyboard in Resources */ = {isa = PBXBuildFile; fileRef = 5D5237502AC81C2200E22B63 /* LaunchScreen.storyboard */; };
		5D5237642AC81F4600E22B63 /* MainTabBarController.swift in Sources */ = {isa = PBXBuildFile; fileRef = 5D5237632AC81F4600E22B63 /* MainTabBarController.swift */; };
		5D5237662AC81F5500E22B63 /* GameViewController.swift in Sources */ = {isa = PBXBuildFile; fileRef = 5D5237652AC81F5500E22B63 /* GameViewController.swift */; };
		5D52376A2AC8208700E22B63 /* UIView.swift in Sources */ = {isa = PBXBuildFile; fileRef = 5D5237692AC8208700E22B63 /* UIView.swift */; };
		5D52376C2AC84D0900E22B63 /* UIColor.swift in Sources */ = {isa = PBXBuildFile; fileRef = 5D52376B2AC84D0900E22B63 /* UIColor.swift */; };
		5DCAFA822AD3D3270021C6C2 /* GameModel.swift in Sources */ = {isa = PBXBuildFile; fileRef = 5DCAFA812AD3D3270021C6C2 /* GameModel.swift */; };
		5DCAFA862AD3E1500021C6C2 /* GameMapper.swift in Sources */ = {isa = PBXBuildFile; fileRef = 5DCAFA852AD3E1500021C6C2 /* GameMapper.swift */; };
		5DCAFA882AD4048E0021C6C2 /* UICollectionViewLayout.swift in Sources */ = {isa = PBXBuildFile; fileRef = 5DCAFA872AD4048E0021C6C2 /* UICollectionViewLayout.swift */; };
		5DCAFA8A2AD42F060021C6C2 /* UILabel.swift in Sources */ = {isa = PBXBuildFile; fileRef = 5DCAFA892AD42F060021C6C2 /* UILabel.swift */; };
		5DCAFA902AD454070021C6C2 /* GameDetailViewController.swift in Sources */ = {isa = PBXBuildFile; fileRef = 5DCAFA8F2AD454070021C6C2 /* GameDetailViewController.swift */; };
		5DCAFA922AD454A20021C6C2 /* GameDetailPresenter.swift in Sources */ = {isa = PBXBuildFile; fileRef = 5DCAFA912AD454A20021C6C2 /* GameDetailPresenter.swift */; };
		5DCAFA942AD4553C0021C6C2 /* GameDetailRouter.swift in Sources */ = {isa = PBXBuildFile; fileRef = 5DCAFA932AD4553C0021C6C2 /* GameDetailRouter.swift */; };
		5DCAFA962AD505B50021C6C2 /* UIScrollView.swift in Sources */ = {isa = PBXBuildFile; fileRef = 5DCAFA952AD505B50021C6C2 /* UIScrollView.swift */; };
		5DCAFA982AD543150021C6C2 /* MyChips.swift in Sources */ = {isa = PBXBuildFile; fileRef = 5DCAFA972AD543150021C6C2 /* MyChips.swift */; };
		5DCAFA9A2AD563F80021C6C2 /* UIButton.swift in Sources */ = {isa = PBXBuildFile; fileRef = 5DCAFA992AD563F80021C6C2 /* UIButton.swift */; };
		5DCAFA9F2AD595300021C6C2 /* AboutViewController.swift in Sources */ = {isa = PBXBuildFile; fileRef = 5DCAFA9E2AD595300021C6C2 /* AboutViewController.swift */; };
		5DCAFAA22AD595530021C6C2 /* FavoriteViewController.swift in Sources */ = {isa = PBXBuildFile; fileRef = 5DCAFAA12AD595530021C6C2 /* FavoriteViewController.swift */; };
		5DCAFAA62AD5961B0021C6C2 /* Game.xcdatamodeld in Sources */ = {isa = PBXBuildFile; fileRef = 5DCAFAA42AD5961B0021C6C2 /* Game.xcdatamodeld */; };
		5DCAFAA82AD597220021C6C2 /* GameFavoriteDataSource.swift in Sources */ = {isa = PBXBuildFile; fileRef = 5DCAFAA72AD597220021C6C2 /* GameFavoriteDataSource.swift */; };
		5DCAFAAA2AD5AF460021C6C2 /* FavoriteRepository.swift in Sources */ = {isa = PBXBuildFile; fileRef = 5DCAFAA92AD5AF460021C6C2 /* FavoriteRepository.swift */; };
		5DCAFAAC2AD5B0330021C6C2 /* FavoriteInteractor.swift in Sources */ = {isa = PBXBuildFile; fileRef = 5DCAFAAB2AD5B0330021C6C2 /* FavoriteInteractor.swift */; };
		5DCAFAAF2AD5B1AE0021C6C2 /* FavoritePresenter.swift in Sources */ = {isa = PBXBuildFile; fileRef = 5DCAFAAE2AD5B1AE0021C6C2 /* FavoritePresenter.swift */; };
		5DCAFAB22AD5B1C60021C6C2 /* FavoriteRouter.swift in Sources */ = {isa = PBXBuildFile; fileRef = 5DCAFAB12AD5B1C60021C6C2 /* FavoriteRouter.swift */; };
		5DCAFAB42AD67FBC0021C6C2 /* UIImage.swift in Sources */ = {isa = PBXBuildFile; fileRef = 5DCAFAB32AD67FBC0021C6C2 /* UIImage.swift */; };
		5DCAFAB72AD6984A0021C6C2 /* AboutSwiftUI.swift in Sources */ = {isa = PBXBuildFile; fileRef = 5DCAFAB62AD6984A0021C6C2 /* AboutSwiftUI.swift */; };
		7879E94F9F7FC03D8DAC0241 /* Pods_rawgGames.framework in Frameworks */ = {isa = PBXBuildFile; fileRef = 2BD9F9E41C514CB4306E8415 /* Pods_rawgGames.framework */; };
/* End PBXBuildFile section */

/* Begin PBXFileReference section */
		2BD9F9E41C514CB4306E8415 /* Pods_rawgGames.framework */ = {isa = PBXFileReference; explicitFileType = wrapper.framework; includeInIndex = 0; path = Pods_rawgGames.framework; sourceTree = BUILT_PRODUCTS_DIR; };
		4222C4898E9224543466226E /* Pods-rawgGames.debug.xcconfig */ = {isa = PBXFileReference; includeInIndex = 1; lastKnownFileType = text.xcconfig; name = "Pods-rawgGames.debug.xcconfig"; path = "Target Support Files/Pods-rawgGames/Pods-rawgGames.debug.xcconfig"; sourceTree = "<group>"; };
		5D20D8BE2ACA3C5300A5420A /* GameCell.swift */ = {isa = PBXFileReference; lastKnownFileType = sourcecode.swift; path = GameCell.swift; sourceTree = "<group>"; };
		5D20D8C52ACA4E1D00A5420A /* GameResponse.swift */ = {isa = PBXFileReference; lastKnownFileType = sourcecode.swift; path = GameResponse.swift; sourceTree = "<group>"; };
		5D20D8C72ACA4F6300A5420A /* GameDataSource.swift */ = {isa = PBXFileReference; lastKnownFileType = sourcecode.swift; path = GameDataSource.swift; sourceTree = "<group>"; };
		5D20D8C92ACA614600A5420A /* APICall.swift */ = {isa = PBXFileReference; lastKnownFileType = sourcecode.swift; path = APICall.swift; sourceTree = "<group>"; };
		5D20D8CB2ACA676500A5420A /* GameRepository.swift */ = {isa = PBXFileReference; lastKnownFileType = sourcecode.swift; path = GameRepository.swift; sourceTree = "<group>"; };
		5D20D8CE2ACA6A6300A5420A /* GameInteractor.swift */ = {isa = PBXFileReference; lastKnownFileType = sourcecode.swift; path = GameInteractor.swift; sourceTree = "<group>"; };
		5D20D8D12ACA752700A5420A /* GameInjection.swift */ = {isa = PBXFileReference; lastKnownFileType = sourcecode.swift; path = GameInjection.swift; sourceTree = "<group>"; };
		5D20D8D32ACA757800A5420A /* GamePresenter.swift */ = {isa = PBXFileReference; lastKnownFileType = sourcecode.swift; path = GamePresenter.swift; sourceTree = "<group>"; };
		5D20D8D52ACA788900A5420A /* GameRouter.swift */ = {isa = PBXFileReference; lastKnownFileType = sourcecode.swift; path = GameRouter.swift; sourceTree = "<group>"; };
		5D5237422AC81C2000E22B63 /* rawgGames.app */ = {isa = PBXFileReference; explicitFileType = wrapper.application; includeInIndex = 0; path = rawgGames.app; sourceTree = BUILT_PRODUCTS_DIR; };
		5D5237452AC81C2000E22B63 /* AppDelegate.swift */ = {isa = PBXFileReference; lastKnownFileType = sourcecode.swift; path = AppDelegate.swift; sourceTree = "<group>"; };
		5D5237472AC81C2000E22B63 /* SceneDelegate.swift */ = {isa = PBXFileReference; lastKnownFileType = sourcecode.swift; path = SceneDelegate.swift; sourceTree = "<group>"; };
		5D52374E2AC81C2200E22B63 /* Assets.xcassets */ = {isa = PBXFileReference; lastKnownFileType = folder.assetcatalog; path = Assets.xcassets; sourceTree = "<group>"; };
		5D5237512AC81C2200E22B63 /* Base */ = {isa = PBXFileReference; lastKnownFileType = file.storyboard; name = Base; path = Base.lproj/LaunchScreen.storyboard; sourceTree = "<group>"; };
		5D5237532AC81C2200E22B63 /* Info.plist */ = {isa = PBXFileReference; lastKnownFileType = text.plist.xml; path = Info.plist; sourceTree = "<group>"; };
		5D5237632AC81F4600E22B63 /* MainTabBarController.swift */ = {isa = PBXFileReference; lastKnownFileType = sourcecode.swift; path = MainTabBarController.swift; sourceTree = "<group>"; };
		5D5237652AC81F5500E22B63 /* GameViewController.swift */ = {isa = PBXFileReference; lastKnownFileType = sourcecode.swift; path = GameViewController.swift; sourceTree = "<group>"; };
		5D5237692AC8208700E22B63 /* UIView.swift */ = {isa = PBXFileReference; lastKnownFileType = sourcecode.swift; path = UIView.swift; sourceTree = "<group>"; };
		5D52376B2AC84D0900E22B63 /* UIColor.swift */ = {isa = PBXFileReference; lastKnownFileType = sourcecode.swift; path = UIColor.swift; sourceTree = "<group>"; };
		5DCAFA812AD3D3270021C6C2 /* GameModel.swift */ = {isa = PBXFileReference; lastKnownFileType = sourcecode.swift; path = GameModel.swift; sourceTree = "<group>"; };
		5DCAFA852AD3E1500021C6C2 /* GameMapper.swift */ = {isa = PBXFileReference; lastKnownFileType = sourcecode.swift; path = GameMapper.swift; sourceTree = "<group>"; };
		5DCAFA872AD4048E0021C6C2 /* UICollectionViewLayout.swift */ = {isa = PBXFileReference; lastKnownFileType = sourcecode.swift; path = UICollectionViewLayout.swift; sourceTree = "<group>"; };
		5DCAFA892AD42F060021C6C2 /* UILabel.swift */ = {isa = PBXFileReference; lastKnownFileType = sourcecode.swift; path = UILabel.swift; sourceTree = "<group>"; };
		5DCAFA8F2AD454070021C6C2 /* GameDetailViewController.swift */ = {isa = PBXFileReference; lastKnownFileType = sourcecode.swift; path = GameDetailViewController.swift; sourceTree = "<group>"; };
		5DCAFA912AD454A20021C6C2 /* GameDetailPresenter.swift */ = {isa = PBXFileReference; lastKnownFileType = sourcecode.swift; path = GameDetailPresenter.swift; sourceTree = "<group>"; };
		5DCAFA932AD4553C0021C6C2 /* GameDetailRouter.swift */ = {isa = PBXFileReference; lastKnownFileType = sourcecode.swift; path = GameDetailRouter.swift; sourceTree = "<group>"; };
		5DCAFA952AD505B50021C6C2 /* UIScrollView.swift */ = {isa = PBXFileReference; lastKnownFileType = sourcecode.swift; path = UIScrollView.swift; sourceTree = "<group>"; };
		5DCAFA972AD543150021C6C2 /* MyChips.swift */ = {isa = PBXFileReference; lastKnownFileType = sourcecode.swift; path = MyChips.swift; sourceTree = "<group>"; };
		5DCAFA992AD563F80021C6C2 /* UIButton.swift */ = {isa = PBXFileReference; lastKnownFileType = sourcecode.swift; path = UIButton.swift; sourceTree = "<group>"; };
		5DCAFA9E2AD595300021C6C2 /* AboutViewController.swift */ = {isa = PBXFileReference; lastKnownFileType = sourcecode.swift; path = AboutViewController.swift; sourceTree = "<group>"; };
		5DCAFAA12AD595530021C6C2 /* FavoriteViewController.swift */ = {isa = PBXFileReference; lastKnownFileType = sourcecode.swift; path = FavoriteViewController.swift; sourceTree = "<group>"; };
		5DCAFAA52AD5961B0021C6C2 /* Game.xcdatamodel */ = {isa = PBXFileReference; lastKnownFileType = wrapper.xcdatamodel; path = Game.xcdatamodel; sourceTree = "<group>"; };
		5DCAFAA72AD597220021C6C2 /* GameFavoriteDataSource.swift */ = {isa = PBXFileReference; lastKnownFileType = sourcecode.swift; path = GameFavoriteDataSource.swift; sourceTree = "<group>"; };
		5DCAFAA92AD5AF460021C6C2 /* FavoriteRepository.swift */ = {isa = PBXFileReference; lastKnownFileType = sourcecode.swift; path = FavoriteRepository.swift; sourceTree = "<group>"; };
		5DCAFAAB2AD5B0330021C6C2 /* FavoriteInteractor.swift */ = {isa = PBXFileReference; lastKnownFileType = sourcecode.swift; path = FavoriteInteractor.swift; sourceTree = "<group>"; };
		5DCAFAAE2AD5B1AE0021C6C2 /* FavoritePresenter.swift */ = {isa = PBXFileReference; lastKnownFileType = sourcecode.swift; path = FavoritePresenter.swift; sourceTree = "<group>"; };
		5DCAFAB12AD5B1C60021C6C2 /* FavoriteRouter.swift */ = {isa = PBXFileReference; lastKnownFileType = sourcecode.swift; path = FavoriteRouter.swift; sourceTree = "<group>"; };
		5DCAFAB32AD67FBC0021C6C2 /* UIImage.swift */ = {isa = PBXFileReference; lastKnownFileType = sourcecode.swift; path = UIImage.swift; sourceTree = "<group>"; };
		5DCAFAB62AD6984A0021C6C2 /* AboutSwiftUI.swift */ = {isa = PBXFileReference; lastKnownFileType = sourcecode.swift; path = AboutSwiftUI.swift; sourceTree = "<group>"; };
		DBEF4F9459706A4067D78392 /* Pods-rawgGames.release.xcconfig */ = {isa = PBXFileReference; includeInIndex = 1; lastKnownFileType = text.xcconfig; name = "Pods-rawgGames.release.xcconfig"; path = "Target Support Files/Pods-rawgGames/Pods-rawgGames.release.xcconfig"; sourceTree = "<group>"; };
/* End PBXFileReference section */

/* Begin PBXFrameworksBuildPhase section */
		5D52373F2AC81C2000E22B63 /* Frameworks */ = {
			isa = PBXFrameworksBuildPhase;
			buildActionMask = 2147483647;
			files = (
				7879E94F9F7FC03D8DAC0241 /* Pods_rawgGames.framework in Frameworks */,
			);
			runOnlyForDeploymentPostprocessing = 0;
		};
/* End PBXFrameworksBuildPhase section */

/* Begin PBXGroup section */
		23EC7B8736AFC2404BF18A47 /* Pods */ = {
			isa = PBXGroup;
			children = (
				4222C4898E9224543466226E /* Pods-rawgGames.debug.xcconfig */,
				DBEF4F9459706A4067D78392 /* Pods-rawgGames.release.xcconfig */,
			);
			path = Pods;
			sourceTree = "<group>";
		};
		5405129278E154392E3F6306 /* Frameworks */ = {
			isa = PBXGroup;
			children = (
				2BD9F9E41C514CB4306E8415 /* Pods_rawgGames.framework */,
			);
			name = Frameworks;
			sourceTree = "<group>";
		};
		5D20D8B72AC99FE400A5420A /* Network */ = {
			isa = PBXGroup;
			children = (
				5D20D8C92ACA614600A5420A /* APICall.swift */,
			);
			path = Network;
			sourceTree = "<group>";
		};
		5D20D8B82AC99FEB00A5420A /* Mapper */ = {
			isa = PBXGroup;
			children = (
				5DCAFA852AD3E1500021C6C2 /* GameMapper.swift */,
			);
			path = Mapper;
			sourceTree = "<group>";
		};
		5D20D8C02ACA4DE500A5420A /* Model */ = {
			isa = PBXGroup;
			children = (
				5DCAFA812AD3D3270021C6C2 /* GameModel.swift */,
			);
			path = Model;
			sourceTree = "<group>";
		};
		5D20D8C12ACA4DEA00A5420A /* UseCase */ = {
			isa = PBXGroup;
			children = (
				5D20D8CE2ACA6A6300A5420A /* GameInteractor.swift */,
				5DCAFAAB2AD5B0330021C6C2 /* FavoriteInteractor.swift */,
			);
			path = UseCase;
			sourceTree = "<group>";
		};
		5D20D8C22ACA4DF500A5420A /* Remote */ = {
			isa = PBXGroup;
			children = (
				5D20D8C42ACA4E0A00A5420A /* Response */,
				5D20D8C72ACA4F6300A5420A /* GameDataSource.swift */,
			);
			path = Remote;
			sourceTree = "<group>";
		};
		5D20D8C32ACA4DFA00A5420A /* Locale */ = {
			isa = PBXGroup;
			children = (
				5DCAFAA32AD596070021C6C2 /* CoreModel */,
				5DCAFAA72AD597220021C6C2 /* GameFavoriteDataSource.swift */,
			);
			path = Locale;
			sourceTree = "<group>";
		};
		5D20D8C42ACA4E0A00A5420A /* Response */ = {
			isa = PBXGroup;
			children = (
				5D20D8C52ACA4E1D00A5420A /* GameResponse.swift */,
			);
			path = Response;
			sourceTree = "<group>";
		};
		5D5237392AC81C2000E22B63 = {
			isa = PBXGroup;
			children = (
				5D5237442AC81C2000E22B63 /* rawgGames */,
				5D5237432AC81C2000E22B63 /* Products */,
				23EC7B8736AFC2404BF18A47 /* Pods */,
				5405129278E154392E3F6306 /* Frameworks */,
			);
			sourceTree = "<group>";
		};
		5D5237432AC81C2000E22B63 /* Products */ = {
			isa = PBXGroup;
			children = (
				5D5237422AC81C2000E22B63 /* rawgGames.app */,
			);
			name = Products;
			sourceTree = "<group>";
		};
		5D5237442AC81C2000E22B63 /* rawgGames */ = {
			isa = PBXGroup;
			children = (
				5D52375B2AC81E1400E22B63 /* Module */,
				5D52375A2AC81DFF00E22B63 /* App */,
				5D5237592AC81DF900E22B63 /* Core */,
				5D52374E2AC81C2200E22B63 /* Assets.xcassets */,
				5D5237502AC81C2200E22B63 /* LaunchScreen.storyboard */,
				5D5237532AC81C2200E22B63 /* Info.plist */,
			);
			path = rawgGames;
			sourceTree = "<group>";
		};
		5D5237592AC81DF900E22B63 /* Core */ = {
			isa = PBXGroup;
			children = (
				5D5237602AC81E5400E22B63 /* Data */,
				5D5237622AC81E6D00E22B63 /* Domain */,
				5D5237612AC81E6800E22B63 /* Utils */,
			);
			path = Core;
			sourceTree = "<group>";
		};
		5D52375A2AC81DFF00E22B63 /* App */ = {
			isa = PBXGroup;
			children = (
				5D5237452AC81C2000E22B63 /* AppDelegate.swift */,
				5D5237472AC81C2000E22B63 /* SceneDelegate.swift */,
			);
			path = App;
			sourceTree = "<group>";
		};
		5D52375B2AC81E1400E22B63 /* Module */ = {
			isa = PBXGroup;
			children = (
				5DCAFA9C2AD595100021C6C2 /* About */,
				5DCAFA9B2AD5950B0021C6C2 /* Favorite */,
				5DCAFA8B2AD4511B0021C6C2 /* GameDetail */,
				5DCAFA842AD3D3650021C6C2 /* TabBar */,
				5DCAFA832AD3D33D0021C6C2 /* Game */,
			);
			path = Module;
			sourceTree = "<group>";
		};
		5D52375C2AC81E2E00E22B63 /* Router */ = {
			isa = PBXGroup;
			children = (
				5D20D8D52ACA788900A5420A /* GameRouter.swift */,
			);
			path = Router;
			sourceTree = "<group>";
		};
		5D52375D2AC81E3200E22B63 /* Presenter */ = {
			isa = PBXGroup;
			children = (
				5D20D8D32ACA757800A5420A /* GamePresenter.swift */,
			);
			path = Presenter;
			sourceTree = "<group>";
		};
		5D52375E2AC81E3700E22B63 /* View */ = {
			isa = PBXGroup;
			children = (
				5D20D8BE2ACA3C5300A5420A /* GameCell.swift */,
				5D5237652AC81F5500E22B63 /* GameViewController.swift */,
			);
			path = View;
			sourceTree = "<group>";
		};
		5D52375F2AC81E4F00E22B63 /* DI */ = {
			isa = PBXGroup;
			children = (
				5D20D8D12ACA752700A5420A /* GameInjection.swift */,
			);
			path = DI;
			sourceTree = "<group>";
		};
		5D5237602AC81E5400E22B63 /* Data */ = {
			isa = PBXGroup;
			children = (
				5D20D8C32ACA4DFA00A5420A /* Locale */,
				5D20D8C22ACA4DF500A5420A /* Remote */,
				5D20D8CB2ACA676500A5420A /* GameRepository.swift */,
				5DCAFAA92AD5AF460021C6C2 /* FavoriteRepository.swift */,
			);
			path = Data;
			sourceTree = "<group>";
		};
		5D5237612AC81E6800E22B63 /* Utils */ = {
			isa = PBXGroup;
			children = (
				5D20D8B82AC99FEB00A5420A /* Mapper */,
				5D20D8B72AC99FE400A5420A /* Network */,
				5D5237672AC8206C00E22B63 /* Extensions */,
			);
			path = Utils;
			sourceTree = "<group>";
		};
		5D5237622AC81E6D00E22B63 /* Domain */ = {
			isa = PBXGroup;
			children = (
				5D52375F2AC81E4F00E22B63 /* DI */,
				5D20D8C12ACA4DEA00A5420A /* UseCase */,
				5D20D8C02ACA4DE500A5420A /* Model */,
			);
			path = Domain;
			sourceTree = "<group>";
		};
		5D5237672AC8206C00E22B63 /* Extensions */ = {
			isa = PBXGroup;
			children = (
				5D5237682AC8207E00E22B63 /* View */,
			);
			path = Extensions;
			sourceTree = "<group>";
		};
		5D5237682AC8207E00E22B63 /* View */ = {
			isa = PBXGroup;
			children = (
				5D5237692AC8208700E22B63 /* UIView.swift */,
				5D52376B2AC84D0900E22B63 /* UIColor.swift */,
				5DCAFA872AD4048E0021C6C2 /* UICollectionViewLayout.swift */,
				5DCAFA892AD42F060021C6C2 /* UILabel.swift */,
				5DCAFA952AD505B50021C6C2 /* UIScrollView.swift */,
				5DCAFA972AD543150021C6C2 /* MyChips.swift */,
				5DCAFA992AD563F80021C6C2 /* UIButton.swift */,
				5DCAFAB32AD67FBC0021C6C2 /* UIImage.swift */,
			);
			path = View;
			sourceTree = "<group>";
		};
		5DCAFA832AD3D33D0021C6C2 /* Game */ = {
			isa = PBXGroup;
			children = (
				5D52375E2AC81E3700E22B63 /* View */,
				5D52375D2AC81E3200E22B63 /* Presenter */,
				5D52375C2AC81E2E00E22B63 /* Router */,
			);
			path = Game;
			sourceTree = "<group>";
		};
		5DCAFA842AD3D3650021C6C2 /* TabBar */ = {
			isa = PBXGroup;
			children = (
				5D5237632AC81F4600E22B63 /* MainTabBarController.swift */,
			);
			path = TabBar;
			sourceTree = "<group>";
		};
		5DCAFA8B2AD4511B0021C6C2 /* GameDetail */ = {
			isa = PBXGroup;
			children = (
				5DCAFA8E2AD453D80021C6C2 /* View */,
				5DCAFA8D2AD453D00021C6C2 /* Presenter */,
				5DCAFA8C2AD453CB0021C6C2 /* Router */,
			);
			path = GameDetail;
			sourceTree = "<group>";
		};
		5DCAFA8C2AD453CB0021C6C2 /* Router */ = {
			isa = PBXGroup;
			children = (
				5DCAFA932AD4553C0021C6C2 /* GameDetailRouter.swift */,
			);
			path = Router;
			sourceTree = "<group>";
		};
		5DCAFA8D2AD453D00021C6C2 /* Presenter */ = {
			isa = PBXGroup;
			children = (
				5DCAFA912AD454A20021C6C2 /* GameDetailPresenter.swift */,
			);
			path = Presenter;
			sourceTree = "<group>";
		};
		5DCAFA8E2AD453D80021C6C2 /* View */ = {
			isa = PBXGroup;
			children = (
				5DCAFA8F2AD454070021C6C2 /* GameDetailViewController.swift */,
			);
			path = View;
			sourceTree = "<group>";
		};
		5DCAFA9B2AD5950B0021C6C2 /* Favorite */ = {
			isa = PBXGroup;
			children = (
				5DCAFAB02AD5B1B60021C6C2 /* Router */,
				5DCAFAAD2AD5B1A00021C6C2 /* Presenter */,
				5DCAFAA02AD595340021C6C2 /* View */,
			);
			path = Favorite;
			sourceTree = "<group>";
		};
		5DCAFA9C2AD595100021C6C2 /* About */ = {
			isa = PBXGroup;
			children = (
				5DCAFA9D2AD595260021C6C2 /* View */,
			);
			path = About;
			sourceTree = "<group>";
		};
		5DCAFA9D2AD595260021C6C2 /* View */ = {
			isa = PBXGroup;
			children = (
				5DCAFAB52AD6983E0021C6C2 /* SwiftUI */,
				5DCAFA9E2AD595300021C6C2 /* AboutViewController.swift */,
			);
			path = View;
			sourceTree = "<group>";
		};
		5DCAFAA02AD595340021C6C2 /* View */ = {
			isa = PBXGroup;
			children = (
				5DCAFAA12AD595530021C6C2 /* FavoriteViewController.swift */,
			);
			path = View;
			sourceTree = "<group>";
		};
		5DCAFAA32AD596070021C6C2 /* CoreModel */ = {
			isa = PBXGroup;
			children = (
				5DCAFAA42AD5961B0021C6C2 /* Game.xcdatamodeld */,
			);
			path = CoreModel;
			sourceTree = "<group>";
		};
		5DCAFAAD2AD5B1A00021C6C2 /* Presenter */ = {
			isa = PBXGroup;
			children = (
				5DCAFAAE2AD5B1AE0021C6C2 /* FavoritePresenter.swift */,
			);
			path = Presenter;
			sourceTree = "<group>";
		};
		5DCAFAB02AD5B1B60021C6C2 /* Router */ = {
			isa = PBXGroup;
			children = (
				5DCAFAB12AD5B1C60021C6C2 /* FavoriteRouter.swift */,
			);
			path = Router;
			sourceTree = "<group>";
		};
		5DCAFAB52AD6983E0021C6C2 /* SwiftUI */ = {
			isa = PBXGroup;
			children = (
				5DCAFAB62AD6984A0021C6C2 /* AboutSwiftUI.swift */,
			);
			path = SwiftUI;
			sourceTree = "<group>";
		};
/* End PBXGroup section */

/* Begin PBXNativeTarget section */
		5D5237412AC81C2000E22B63 /* rawgGames */ = {
			isa = PBXNativeTarget;
			buildConfigurationList = 5D5237562AC81C2200E22B63 /* Build configuration list for PBXNativeTarget "rawgGames" */;
			buildPhases = (
				5601205F11927B45823A55B1 /* [CP] Check Pods Manifest.lock */,
				5D52373E2AC81C2000E22B63 /* Sources */,
				5D52373F2AC81C2000E22B63 /* Frameworks */,
				5D5237402AC81C2000E22B63 /* Resources */,
				D6427B1FAD79F69605FAF112 /* [CP] Embed Pods Frameworks */,
			);
			buildRules = (
			);
			dependencies = (
			);
			name = rawgGames;
			productName = rawgGames;
			productReference = 5D5237422AC81C2000E22B63 /* rawgGames.app */;
			productType = "com.apple.product-type.application";
		};
/* End PBXNativeTarget section */

/* Begin PBXProject section */
		5D52373A2AC81C2000E22B63 /* Project object */ = {
			isa = PBXProject;
			attributes = {
				BuildIndependentTargetsInParallel = 1;
				LastSwiftUpdateCheck = 1410;
				LastUpgradeCheck = 1500;
				TargetAttributes = {
					5D5237412AC81C2000E22B63 = {
						CreatedOnToolsVersion = 14.1;
					};
				};
			};
			buildConfigurationList = 5D52373D2AC81C2000E22B63 /* Build configuration list for PBXProject "rawgGames" */;
			compatibilityVersion = "Xcode 14.0";
			developmentRegion = en;
			hasScannedForEncodings = 0;
			knownRegions = (
				en,
				Base,
			);
			mainGroup = 5D5237392AC81C2000E22B63;
			productRefGroup = 5D5237432AC81C2000E22B63 /* Products */;
			projectDirPath = "";
			projectRoot = "";
			targets = (
				5D5237412AC81C2000E22B63 /* rawgGames */,
			);
		};
/* End PBXProject section */

/* Begin PBXResourcesBuildPhase section */
		5D5237402AC81C2000E22B63 /* Resources */ = {
			isa = PBXResourcesBuildPhase;
			buildActionMask = 2147483647;
			files = (
				5D5237522AC81C2200E22B63 /* LaunchScreen.storyboard in Resources */,
				5D52374F2AC81C2200E22B63 /* Assets.xcassets in Resources */,
			);
			runOnlyForDeploymentPostprocessing = 0;
		};
/* End PBXResourcesBuildPhase section */

/* Begin PBXShellScriptBuildPhase section */
		5601205F11927B45823A55B1 /* [CP] Check Pods Manifest.lock */ = {
			isa = PBXShellScriptBuildPhase;
			buildActionMask = 2147483647;
			files = (
			);
			inputFileListPaths = (
			);
			inputPaths = (
				"${PODS_PODFILE_DIR_PATH}/Podfile.lock",
				"${PODS_ROOT}/Manifest.lock",
			);
			name = "[CP] Check Pods Manifest.lock";
			outputFileListPaths = (
			);
			outputPaths = (
				"$(DERIVED_FILE_DIR)/Pods-rawgGames-checkManifestLockResult.txt",
			);
			runOnlyForDeploymentPostprocessing = 0;
			shellPath = /bin/sh;
			shellScript = "diff \"${PODS_PODFILE_DIR_PATH}/Podfile.lock\" \"${PODS_ROOT}/Manifest.lock\" > /dev/null\nif [ $? != 0 ] ; then\n    # print error to STDERR\n    echo \"error: The sandbox is not in sync with the Podfile.lock. Run 'pod install' or update your CocoaPods installation.\" >&2\n    exit 1\nfi\n# This output is used by Xcode 'outputs' to avoid re-running this script phase.\necho \"SUCCESS\" > \"${SCRIPT_OUTPUT_FILE_0}\"\n";
			showEnvVarsInLog = 0;
		};
		D6427B1FAD79F69605FAF112 /* [CP] Embed Pods Frameworks */ = {
			isa = PBXShellScriptBuildPhase;
			buildActionMask = 2147483647;
			files = (
			);
			inputFileListPaths = (
				"${PODS_ROOT}/Target Support Files/Pods-rawgGames/Pods-rawgGames-frameworks-${CONFIGURATION}-input-files.xcfilelist",
			);
			name = "[CP] Embed Pods Frameworks";
			outputFileListPaths = (
				"${PODS_ROOT}/Target Support Files/Pods-rawgGames/Pods-rawgGames-frameworks-${CONFIGURATION}-output-files.xcfilelist",
			);
			runOnlyForDeploymentPostprocessing = 0;
			shellPath = /bin/sh;
			shellScript = "\"${PODS_ROOT}/Target Support Files/Pods-rawgGames/Pods-rawgGames-frameworks.sh\"\n";
			showEnvVarsInLog = 0;
		};
/* End PBXShellScriptBuildPhase section */

/* Begin PBXSourcesBuildPhase section */
		5D52373E2AC81C2000E22B63 /* Sources */ = {
			isa = PBXSourcesBuildPhase;
			buildActionMask = 2147483647;
			files = (
				5DCAFA922AD454A20021C6C2 /* GameDetailPresenter.swift in Sources */,
				5DCAFA942AD4553C0021C6C2 /* GameDetailRouter.swift in Sources */,
				5D20D8D42ACA757800A5420A /* GamePresenter.swift in Sources */,
				5DCAFA902AD454070021C6C2 /* GameDetailViewController.swift in Sources */,
				5DCAFAB72AD6984A0021C6C2 /* AboutSwiftUI.swift in Sources */,
				5DCAFAA82AD597220021C6C2 /* GameFavoriteDataSource.swift in Sources */,
				5D52376A2AC8208700E22B63 /* UIView.swift in Sources */,
				5DCAFA9A2AD563F80021C6C2 /* UIButton.swift in Sources */,
				5DCAFA982AD543150021C6C2 /* MyChips.swift in Sources */,
				5D20D8BF2ACA3C5300A5420A /* GameCell.swift in Sources */,
				5DCAFA962AD505B50021C6C2 /* UIScrollView.swift in Sources */,
				5DCAFAAF2AD5B1AE0021C6C2 /* FavoritePresenter.swift in Sources */,
				5D20D8CA2ACA614600A5420A /* APICall.swift in Sources */,
				5D20D8C82ACA4F6300A5420A /* GameDataSource.swift in Sources */,
				5D52376C2AC84D0900E22B63 /* UIColor.swift in Sources */,
				5D20D8C62ACA4E1D00A5420A /* GameResponse.swift in Sources */,
				5DCAFA8A2AD42F060021C6C2 /* UILabel.swift in Sources */,
				5D20D8CC2ACA676500A5420A /* GameRepository.swift in Sources */,
				5D5237662AC81F5500E22B63 /* GameViewController.swift in Sources */,
				5DCAFAAA2AD5AF460021C6C2 /* FavoriteRepository.swift in Sources */,
				5D20D8D22ACA752700A5420A /* GameInjection.swift in Sources */,
				5DCAFA822AD3D3270021C6C2 /* GameModel.swift in Sources */,
				5DCAFA862AD3E1500021C6C2 /* GameMapper.swift in Sources */,
				5DCAFAA62AD5961B0021C6C2 /* Game.xcdatamodeld in Sources */,
				5DCAFAB42AD67FBC0021C6C2 /* UIImage.swift in Sources */,
				5D20D8D62ACA788900A5420A /* GameRouter.swift in Sources */,
				5D5237462AC81C2000E22B63 /* AppDelegate.swift in Sources */,
				5D5237482AC81C2000E22B63 /* SceneDelegate.swift in Sources */,
				5DCAFAB22AD5B1C60021C6C2 /* FavoriteRouter.swift in Sources */,
				5DCAFAAC2AD5B0330021C6C2 /* FavoriteInteractor.swift in Sources */,
				5DCAFAA22AD595530021C6C2 /* FavoriteViewController.swift in Sources */,
				5D20D8CF2ACA6A6300A5420A /* GameInteractor.swift in Sources */,
				5DCAFA882AD4048E0021C6C2 /* UICollectionViewLayout.swift in Sources */,
				5DCAFA9F2AD595300021C6C2 /* AboutViewController.swift in Sources */,
				5D5237642AC81F4600E22B63 /* MainTabBarController.swift in Sources */,
			);
			runOnlyForDeploymentPostprocessing = 0;
		};
/* End PBXSourcesBuildPhase section */

/* Begin PBXVariantGroup section */
		5D5237502AC81C2200E22B63 /* LaunchScreen.storyboard */ = {
			isa = PBXVariantGroup;
			children = (
				5D5237512AC81C2200E22B63 /* Base */,
			);
			name = LaunchScreen.storyboard;
			sourceTree = "<group>";
		};
/* End PBXVariantGroup section */

/* Begin XCBuildConfiguration section */
		5D5237542AC81C2200E22B63 /* Debug */ = {
			isa = XCBuildConfiguration;
			buildSettings = {
				ALWAYS_SEARCH_USER_PATHS = NO;
				CLANG_ANALYZER_NONNULL = YES;
				CLANG_ANALYZER_NUMBER_OBJECT_CONVERSION = YES_AGGRESSIVE;
				CLANG_CXX_LANGUAGE_STANDARD = "gnu++20";
				CLANG_ENABLE_MODULES = YES;
				CLANG_ENABLE_OBJC_ARC = YES;
				CLANG_ENABLE_OBJC_WEAK = YES;
				CLANG_WARN_BLOCK_CAPTURE_AUTORELEASING = YES;
				CLANG_WARN_BOOL_CONVERSION = YES;
				CLANG_WARN_COMMA = YES;
				CLANG_WARN_CONSTANT_CONVERSION = YES;
				CLANG_WARN_DEPRECATED_OBJC_IMPLEMENTATIONS = YES;
				CLANG_WARN_DIRECT_OBJC_ISA_USAGE = YES_ERROR;
				CLANG_WARN_DOCUMENTATION_COMMENTS = YES;
				CLANG_WARN_EMPTY_BODY = YES;
				CLANG_WARN_ENUM_CONVERSION = YES;
				CLANG_WARN_INFINITE_RECURSION = YES;
				CLANG_WARN_INT_CONVERSION = YES;
				CLANG_WARN_NON_LITERAL_NULL_CONVERSION = YES;
				CLANG_WARN_OBJC_IMPLICIT_RETAIN_SELF = YES;
				CLANG_WARN_OBJC_LITERAL_CONVERSION = YES;
				CLANG_WARN_OBJC_ROOT_CLASS = YES_ERROR;
				CLANG_WARN_QUOTED_INCLUDE_IN_FRAMEWORK_HEADER = YES;
				CLANG_WARN_RANGE_LOOP_ANALYSIS = YES;
				CLANG_WARN_STRICT_PROTOTYPES = YES;
				CLANG_WARN_SUSPICIOUS_MOVE = YES;
				CLANG_WARN_UNGUARDED_AVAILABILITY = YES_AGGRESSIVE;
				CLANG_WARN_UNREACHABLE_CODE = YES;
				CLANG_WARN__DUPLICATE_METHOD_MATCH = YES;
				COPY_PHASE_STRIP = NO;
				DEBUG_INFORMATION_FORMAT = dwarf;
				ENABLE_STRICT_OBJC_MSGSEND = YES;
				ENABLE_TESTABILITY = YES;
				ENABLE_USER_SCRIPT_SANDBOXING = YES;
				GCC_C_LANGUAGE_STANDARD = gnu11;
				GCC_DYNAMIC_NO_PIC = NO;
				GCC_NO_COMMON_BLOCKS = YES;
				GCC_OPTIMIZATION_LEVEL = 0;
				GCC_PREPROCESSOR_DEFINITIONS = (
					"DEBUG=1",
					"$(inherited)",
				);
				GCC_WARN_64_TO_32_BIT_CONVERSION = YES;
				GCC_WARN_ABOUT_RETURN_TYPE = YES_ERROR;
				GCC_WARN_UNDECLARED_SELECTOR = YES;
				GCC_WARN_UNINITIALIZED_AUTOS = YES_AGGRESSIVE;
				GCC_WARN_UNUSED_FUNCTION = YES;
				GCC_WARN_UNUSED_VARIABLE = YES;
				IPHONEOS_DEPLOYMENT_TARGET = 16.1;
				MTL_ENABLE_DEBUG_INFO = INCLUDE_SOURCE;
				MTL_FAST_MATH = YES;
				ONLY_ACTIVE_ARCH = YES;
				SDKROOT = iphoneos;
				SWIFT_ACTIVE_COMPILATION_CONDITIONS = DEBUG;
				SWIFT_OPTIMIZATION_LEVEL = "-Onone";
			};
			name = Debug;
		};
		5D5237552AC81C2200E22B63 /* Release */ = {
			isa = XCBuildConfiguration;
			buildSettings = {
				ALWAYS_SEARCH_USER_PATHS = NO;
				CLANG_ANALYZER_NONNULL = YES;
				CLANG_ANALYZER_NUMBER_OBJECT_CONVERSION = YES_AGGRESSIVE;
				CLANG_CXX_LANGUAGE_STANDARD = "gnu++20";
				CLANG_ENABLE_MODULES = YES;
				CLANG_ENABLE_OBJC_ARC = YES;
				CLANG_ENABLE_OBJC_WEAK = YES;
				CLANG_WARN_BLOCK_CAPTURE_AUTORELEASING = YES;
				CLANG_WARN_BOOL_CONVERSION = YES;
				CLANG_WARN_COMMA = YES;
				CLANG_WARN_CONSTANT_CONVERSION = YES;
				CLANG_WARN_DEPRECATED_OBJC_IMPLEMENTATIONS = YES;
				CLANG_WARN_DIRECT_OBJC_ISA_USAGE = YES_ERROR;
				CLANG_WARN_DOCUMENTATION_COMMENTS = YES;
				CLANG_WARN_EMPTY_BODY = YES;
				CLANG_WARN_ENUM_CONVERSION = YES;
				CLANG_WARN_INFINITE_RECURSION = YES;
				CLANG_WARN_INT_CONVERSION = YES;
				CLANG_WARN_NON_LITERAL_NULL_CONVERSION = YES;
				CLANG_WARN_OBJC_IMPLICIT_RETAIN_SELF = YES;
				CLANG_WARN_OBJC_LITERAL_CONVERSION = YES;
				CLANG_WARN_OBJC_ROOT_CLASS = YES_ERROR;
				CLANG_WARN_QUOTED_INCLUDE_IN_FRAMEWORK_HEADER = YES;
				CLANG_WARN_RANGE_LOOP_ANALYSIS = YES;
				CLANG_WARN_STRICT_PROTOTYPES = YES;
				CLANG_WARN_SUSPICIOUS_MOVE = YES;
				CLANG_WARN_UNGUARDED_AVAILABILITY = YES_AGGRESSIVE;
				CLANG_WARN_UNREACHABLE_CODE = YES;
				CLANG_WARN__DUPLICATE_METHOD_MATCH = YES;
				COPY_PHASE_STRIP = NO;
				DEBUG_INFORMATION_FORMAT = "dwarf-with-dsym";
				ENABLE_NS_ASSERTIONS = NO;
				ENABLE_STRICT_OBJC_MSGSEND = YES;
				ENABLE_USER_SCRIPT_SANDBOXING = YES;
				GCC_C_LANGUAGE_STANDARD = gnu11;
				GCC_NO_COMMON_BLOCKS = YES;
				GCC_WARN_64_TO_32_BIT_CONVERSION = YES;
				GCC_WARN_ABOUT_RETURN_TYPE = YES_ERROR;
				GCC_WARN_UNDECLARED_SELECTOR = YES;
				GCC_WARN_UNINITIALIZED_AUTOS = YES_AGGRESSIVE;
				GCC_WARN_UNUSED_FUNCTION = YES;
				GCC_WARN_UNUSED_VARIABLE = YES;
				IPHONEOS_DEPLOYMENT_TARGET = 16.1;
				MTL_ENABLE_DEBUG_INFO = NO;
				MTL_FAST_MATH = YES;
				SDKROOT = iphoneos;
				SWIFT_COMPILATION_MODE = wholemodule;
				SWIFT_OPTIMIZATION_LEVEL = "-O";
				VALIDATE_PRODUCT = YES;
			};
			name = Release;
		};
		5D5237572AC81C2200E22B63 /* Debug */ = {
			isa = XCBuildConfiguration;
			baseConfigurationReference = 4222C4898E9224543466226E /* Pods-rawgGames.debug.xcconfig */;
			buildSettings = {
				ASSETCATALOG_COMPILER_APPICON_NAME = AppIcon;
				ASSETCATALOG_COMPILER_GLOBAL_ACCENT_COLOR_NAME = AccentColor;
				CODE_SIGN_STYLE = Automatic;
				CURRENT_PROJECT_VERSION = 1;
				DEVELOPMENT_TEAM = 3HH926728D;
				ENABLE_USER_SCRIPT_SANDBOXING = NO;
				GENERATE_INFOPLIST_FILE = YES;
				INFOPLIST_FILE = rawgGames/Info.plist;
				INFOPLIST_KEY_UIApplicationSupportsIndirectInputEvents = YES;
				INFOPLIST_KEY_UILaunchStoryboardName = LaunchScreen;
				INFOPLIST_KEY_UISupportedInterfaceOrientations_iPad = "UIInterfaceOrientationPortrait UIInterfaceOrientationPortraitUpsideDown UIInterfaceOrientationLandscapeLeft UIInterfaceOrientationLandscapeRight";
				INFOPLIST_KEY_UISupportedInterfaceOrientations_iPhone = "UIInterfaceOrientationPortrait UIInterfaceOrientationLandscapeLeft UIInterfaceOrientationLandscapeRight";
				LD_RUNPATH_SEARCH_PATHS = (
					"$(inherited)",
					"@executable_path/Frameworks",
				);
				MARKETING_VERSION = 1.0;
				PRODUCT_BUNDLE_IDENTIFIER = mfa.rawgGames;
				PRODUCT_NAME = "$(TARGET_NAME)";
				SWIFT_EMIT_LOC_STRINGS = YES;
				SWIFT_VERSION = 5.0;
				TARGETED_DEVICE_FAMILY = "1,2";
			};
			name = Debug;
		};
		5D5237582AC81C2200E22B63 /* Release */ = {
			isa = XCBuildConfiguration;
			baseConfigurationReference = DBEF4F9459706A4067D78392 /* Pods-rawgGames.release.xcconfig */;
			buildSettings = {
				ASSETCATALOG_COMPILER_APPICON_NAME = AppIcon;
				ASSETCATALOG_COMPILER_GLOBAL_ACCENT_COLOR_NAME = AccentColor;
				CODE_SIGN_STYLE = Automatic;
				CURRENT_PROJECT_VERSION = 1;
				DEVELOPMENT_TEAM = 3HH926728D;
				ENABLE_USER_SCRIPT_SANDBOXING = NO;
				GENERATE_INFOPLIST_FILE = YES;
				INFOPLIST_FILE = rawgGames/Info.plist;
				INFOPLIST_KEY_UIApplicationSupportsIndirectInputEvents = YES;
				INFOPLIST_KEY_UILaunchStoryboardName = LaunchScreen;
				INFOPLIST_KEY_UISupportedInterfaceOrientations_iPad = "UIInterfaceOrientationPortrait UIInterfaceOrientationPortraitUpsideDown UIInterfaceOrientationLandscapeLeft UIInterfaceOrientationLandscapeRight";
				INFOPLIST_KEY_UISupportedInterfaceOrientations_iPhone = "UIInterfaceOrientationPortrait UIInterfaceOrientationLandscapeLeft UIInterfaceOrientationLandscapeRight";
				LD_RUNPATH_SEARCH_PATHS = (
					"$(inherited)",
					"@executable_path/Frameworks",
				);
				MARKETING_VERSION = 1.0;
				PRODUCT_BUNDLE_IDENTIFIER = mfa.rawgGames;
				PRODUCT_NAME = "$(TARGET_NAME)";
				SWIFT_EMIT_LOC_STRINGS = YES;
				SWIFT_VERSION = 5.0;
				TARGETED_DEVICE_FAMILY = "1,2";
			};
			name = Release;
		};
/* End XCBuildConfiguration section */

/* Begin XCConfigurationList section */
		5D52373D2AC81C2000E22B63 /* Build configuration list for PBXProject "rawgGames" */ = {
			isa = XCConfigurationList;
			buildConfigurations = (
				5D5237542AC81C2200E22B63 /* Debug */,
				5D5237552AC81C2200E22B63 /* Release */,
			);
			defaultConfigurationIsVisible = 0;
			defaultConfigurationName = Release;
		};
		5D5237562AC81C2200E22B63 /* Build configuration list for PBXNativeTarget "rawgGames" */ = {
			isa = XCConfigurationList;
			buildConfigurations = (
				5D5237572AC81C2200E22B63 /* Debug */,
				5D5237582AC81C2200E22B63 /* Release */,
			);
			defaultConfigurationIsVisible = 0;
			defaultConfigurationName = Release;
		};
/* End XCConfigurationList section */

/* Begin XCVersionGroup section */
		5DCAFAA42AD5961B0021C6C2 /* Game.xcdatamodeld */ = {
			isa = XCVersionGroup;
			children = (
				5DCAFAA52AD5961B0021C6C2 /* Game.xcdatamodel */,
			);
			currentVersion = 5DCAFAA52AD5961B0021C6C2 /* Game.xcdatamodel */;
			path = Game.xcdatamodeld;
			sourceTree = "<group>";
			versionGroupType = wrapper.xcdatamodel;
		};
/* End XCVersionGroup section */
	};
	rootObject = 5D52373A2AC81C2000E22B63 /* Project object */;
}
